
Microsoft Visual Studio Solution File, Format Version 12.00
# Visual Studio Version 16
VisualStudioVersion = 16.0.32126.315
MinimumVisualStudioVersion = 10.0.40219.1
Project("{FAE04EC0-301F-11D3-BF4B-00C04F79EFBC}") = "XamarinMVVM.Android", "XamarinMVVM\XamarinMVVM.Android\XamarinMVVM.Android.csproj", "{909168A5-D54C-42E6-95E0-A54EF6AF8C04}"
EndProject
Project("{FAE04EC0-301F-11D3-BF4B-00C04F79EFBC}") = "XamarinMVVM", "XamarinMVVM\XamarinMVVM\XamarinMVVM.csproj", "{F2AA3685-30EE-4D64-82EE-8FCF8F6E18DB}"
EndProject
Global
	GlobalSection(SolutionConfigurationPlatforms) = preSolution
		Debug|Any CPU = Debug|Any CPU
		Release|Any CPU = Release|Any CPU
	EndGlobalSection
	GlobalSection(ProjectConfigurationPlatforms) = postSolution
		{909168A5-D54C-42E6-95E0-A54EF6AF8C04}.Debug|Any CPU.ActiveCfg = Debug|Any CPU
		{909168A5-D54C-42E6-95E0-A54EF6AF8C04}.Debug|Any CPU.Build.0 = Debug|Any CPU
		{909168A5-D54C-42E6-95E0-A54EF6AF8C04}.Debug|Any CPU.Deploy.0 = Debug|Any CPU
		{909168A5-D54C-42E6-95E0-A54EF6AF8C04}.Release|Any CPU.ActiveCfg = Release|Any CPU
		{909168A5-D54C-42E6-95E0-A54EF6AF8C04}.Release|Any CPU.Build.0 = Release|Any CPU
		{909168A5-D54C-42E6-95E0-A54EF6AF8C04}.Release|Any CPU.Deploy.0 = Release|Any CPU
		{F2AA3685-30EE-4D64-82EE-8FCF8F6E18DB}.Debug|Any CPU.ActiveCfg = Debug|Any CPU
		{F2AA3685-30EE-4D64-82EE-8FCF8F6E18DB}.Debug|Any CPU.Build.0 = Debug|Any CPU
		{F2AA3685-30EE-4D64-82EE-8FCF8F6E18DB}.Debug|Any CPU.Deploy.0 = Debug|Any CPU
		{F2AA3685-30EE-4D64-82EE-8FCF8F6E18DB}.Release|Any CPU.ActiveCfg = Release|Any CPU
		{F2AA3685-30EE-4D64-82EE-8FCF8F6E18DB}.Release|Any CPU.Build.0 = Release|Any CPU
		{F2AA3685-30EE-4D64-82EE-8FCF8F6E18DB}.Release|Any CPU.Deploy.0 = Release|Any CPU
	EndGlobalSection
	GlobalSection(SolutionProperties) = preSolution
		HideSolutionNode = FALSE
	EndGlobalSection
	GlobalSection(ExtensibilityGlobals) = postSolution
		SolutionGuid = {7EC030F9-FE78-4456-959C-4BC48EBFBF71}
	EndGlobalSection
EndGlobal
